
Microsoft Visual Studio Solution File, Format Version 12.00
# Visual Studio Version 17
VisualStudioVersion = 17.9.34728.123
MinimumVisualStudioVersion = 10.0.40219.1
Project("{FAE04EC0-301F-11D3-BF4B-00C04F79EFBC}") = "Connection Excel", "Connection Excel\Connection Excel.csproj", "{A0DBB55F-8AC6-423B-AC18-E334416AEA75}"
EndProject
Global
	GlobalSection(SolutionConfigurationPlatforms) = preSolution
		Debug|Any CPU = Debug|Any CPU
		Release|Any CPU = Release|Any CPU
	EndGlobalSection
	GlobalSection(ProjectConfigurationPlatforms) = postSolution
		{A0DBB55F-8AC6-423B-AC18-E334416AEA75}.Debug|Any CPU.ActiveCfg = Debug|Any CPU
		{A0DBB55F-8AC6-423B-AC18-E334416AEA75}.Debug|Any CPU.Build.0 = Debug|Any CPU
		{A0DBB55F-8AC6-423B-AC18-E334416AEA75}.Release|Any CPU.ActiveCfg = Release|Any CPU
		{A0DBB55F-8AC6-423B-AC18-E334416AEA75}.Release|Any CPU.Build.0 = Release|Any CPU
	EndGlobalSection
	GlobalSection(SolutionProperties) = preSolution
		HideSolutionNode = FALSE
	EndGlobalSection
	GlobalSection(ExtensibilityGlobals) = postSolution
		SolutionGuid = {8751137A-82D4-4AD4-8985-D02A7470DF27}
	EndGlobalSection
EndGlobal
